// !$*UTF8*$!
{
	archiveVersion = 1;
	classes = {
	};
	objectVersion = 46;
	objects = {

/* Begin PBXBuildFile section */
		530998C415D9A28000618000 /* MNMBottomPullToRefresh.strings in Resources */ = {isa = PBXBuildFile; fileRef = 530998BD15D9A28000618000 /* MNMBottomPullToRefresh.strings */; };
		530998C515D9A28000618000 /* MNMBottomPullToRefreshArrow.png in Resources */ = {isa = PBXBuildFile; fileRef = 530998BE15D9A28000618000 /* MNMBottomPullToRefreshArrow.png */; };
		530998C615D9A28000618000 /* MNMBottomPullToRefreshArrow@2x.png in Resources */ = {isa = PBXBuildFile; fileRef = 530998BF15D9A28000618000 /* MNMBottomPullToRefreshArrow@2x.png */; };
		530998C715D9A28000618000 /* MNMBottomPullToRefreshManager.m in Sources */ = {isa = PBXBuildFile; fileRef = 530998C115D9A28000618000 /* MNMBottomPullToRefreshManager.m */; };
		530998C815D9A28000618000 /* MNMBottomPullToRefreshView.m in Sources */ = {isa = PBXBuildFile; fileRef = 530998C315D9A28000618000 /* MNMBottomPullToRefreshView.m */; };
		530F30F715D6A5F700E474A9 /* HorizontalPopup.xib in Resources */ = {isa = PBXBuildFile; fileRef = 530F30F615D6A5F700E474A9 /* HorizontalPopup.xib */; };
		530F30FB15D6A65D00E474A9 /* Popup.m in Sources */ = {isa = PBXBuildFile; fileRef = 530F30FA15D6A65D00E474A9 /* Popup.m */; };
		53616C7D15C7DD14002DB5C3 /* MBProgressHUD.m in Sources */ = {isa = PBXBuildFile; fileRef = 53616C7C15C7DD14002DB5C3 /* MBProgressHUD.m */; };
		5385187715C40CBA00E0CEDF /* UIKit.framework in Frameworks */ = {isa = PBXBuildFile; fileRef = 5385187615C40CBA00E0CEDF /* UIKit.framework */; };
		5385187915C40CBA00E0CEDF /* Foundation.framework in Frameworks */ = {isa = PBXBuildFile; fileRef = 5385187815C40CBA00E0CEDF /* Foundation.framework */; };
		5385187B15C40CBA00E0CEDF /* CoreGraphics.framework in Frameworks */ = {isa = PBXBuildFile; fileRef = 5385187A15C40CBA00E0CEDF /* CoreGraphics.framework */; };
		5385188115C40CBA00E0CEDF /* InfoPlist.strings in Resources */ = {isa = PBXBuildFile; fileRef = 5385187F15C40CBA00E0CEDF /* InfoPlist.strings */; };
		5385188315C40CBA00E0CEDF /* main.m in Sources */ = {isa = PBXBuildFile; fileRef = 5385188215C40CBA00E0CEDF /* main.m */; };
		538518B215C40D9600E0CEDF /* Base64Transcoder.c in Sources */ = {isa = PBXBuildFile; fileRef = 538518B115C40D9600E0CEDF /* Base64Transcoder.c */; };
		538518B615C40E0200E0CEDF /* OAHMAC_SHA1SignatureProvider.m in Sources */ = {isa = PBXBuildFile; fileRef = 538518B515C40E0200E0CEDF /* OAHMAC_SHA1SignatureProvider.m */; };
		538518B915C40E1800E0CEDF /* AppSettingsHelper.m in Sources */ = {isa = PBXBuildFile; fileRef = 538518B815C40E1800E0CEDF /* AppSettingsHelper.m */; };
		538518BC15C40E2300E0CEDF /* OAuthProvider.m in Sources */ = {isa = PBXBuildFile; fileRef = 538518BB15C40E2300E0CEDF /* OAuthProvider.m */; };
		538518BF15C40E2D00E0CEDF /* PlurkConnector.m in Sources */ = {isa = PBXBuildFile; fileRef = 538518BE15C40E2D00E0CEDF /* PlurkConnector.m */; };
		538518C215C40E3B00E0CEDF /* MainViewController.m in Sources */ = {isa = PBXBuildFile; fileRef = 538518C115C40E3B00E0CEDF /* MainViewController.m */; };
		538518C415C40E4000E0CEDF /* MainViewController.xib in Resources */ = {isa = PBXBuildFile; fileRef = 538518C315C40E4000E0CEDF /* MainViewController.xib */; };
		538518C715C40E4900E0CEDF /* OAuthLoginViewController.m in Sources */ = {isa = PBXBuildFile; fileRef = 538518C615C40E4900E0CEDF /* OAuthLoginViewController.m */; };
		538518C915C40E4E00E0CEDF /* OAuthLoginViewController.xib in Resources */ = {isa = PBXBuildFile; fileRef = 538518C815C40E4E00E0CEDF /* OAuthLoginViewController.xib */; };
		538518CC15C40E5F00E0CEDF /* AppDelegate.m in Sources */ = {isa = PBXBuildFile; fileRef = 538518CB15C40E5F00E0CEDF /* AppDelegate.m */; };
		538518EF15C4787700E0CEDF /* NSObject+SBJson.m in Sources */ = {isa = PBXBuildFile; fileRef = 538518D715C4787700E0CEDF /* NSObject+SBJson.m */; };
		538518F015C4787700E0CEDF /* SBJsonParser.m in Sources */ = {isa = PBXBuildFile; fileRef = 538518DA15C4787700E0CEDF /* SBJsonParser.m */; };
		538518F115C4787700E0CEDF /* SBJsonStreamParser.m in Sources */ = {isa = PBXBuildFile; fileRef = 538518DC15C4787700E0CEDF /* SBJsonStreamParser.m */; };
		538518F215C4787700E0CEDF /* SBJsonStreamParserAccumulator.m in Sources */ = {isa = PBXBuildFile; fileRef = 538518DE15C4787700E0CEDF /* SBJsonStreamParserAccumulator.m */; };
		538518F315C4787700E0CEDF /* SBJsonStreamParserAdapter.m in Sources */ = {isa = PBXBuildFile; fileRef = 538518E015C4787700E0CEDF /* SBJsonStreamParserAdapter.m */; };
		538518F415C4787700E0CEDF /* SBJsonStreamParserState.m in Sources */ = {isa = PBXBuildFile; fileRef = 538518E215C4787700E0CEDF /* SBJsonStreamParserState.m */; };
		538518F515C4787700E0CEDF /* SBJsonStreamWriter.m in Sources */ = {isa = PBXBuildFile; fileRef = 538518E415C4787700E0CEDF /* SBJsonStreamWriter.m */; };
		538518F615C4787700E0CEDF /* SBJsonStreamWriterAccumulator.m in Sources */ = {isa = PBXBuildFile; fileRef = 538518E615C4787700E0CEDF /* SBJsonStreamWriterAccumulator.m */; };
		538518F715C4787700E0CEDF /* SBJsonStreamWriterState.m in Sources */ = {isa = PBXBuildFile; fileRef = 538518E815C4787700E0CEDF /* SBJsonStreamWriterState.m */; };
		538518F815C4787700E0CEDF /* SBJsonTokeniser.m in Sources */ = {isa = PBXBuildFile; fileRef = 538518EA15C4787700E0CEDF /* SBJsonTokeniser.m */; };
		538518F915C4787700E0CEDF /* SBJsonUTF8Stream.m in Sources */ = {isa = PBXBuildFile; fileRef = 538518EC15C4787700E0CEDF /* SBJsonUTF8Stream.m */; };
		538518FA15C4787700E0CEDF /* SBJsonWriter.m in Sources */ = {isa = PBXBuildFile; fileRef = 538518EE15C4787700E0CEDF /* SBJsonWriter.m */; };
		53A24F6815D309FC00FF5B4D /* TimelineCell.m in Sources */ = {isa = PBXBuildFile; fileRef = 53A24F6715D309FB00FF5B4D /* TimelineCell.m */; };
		53A24F6A15D30A1100FF5B4D /* TimelineCell.xib in Resources */ = {isa = PBXBuildFile; fileRef = 53A24F6915D30A1100FF5B4D /* TimelineCell.xib */; };
		53A24F7115D311D000FF5B4D /* user.png in Resources */ = {isa = PBXBuildFile; fileRef = 53A24F7015D311D000FF5B4D /* user.png */; };
		53A24F7315D316F500FF5B4D /* QuartzCore.framework in Frameworks */ = {isa = PBXBuildFile; fileRef = 53A24F7215D316F500FF5B4D /* QuartzCore.framework */; };
		53A24F7615D31D7100FF5B4D /* ColorsProvider.m in Sources */ = {isa = PBXBuildFile; fileRef = 53A24F7515D31D7100FF5B4D /* ColorsProvider.m */; };
		53A24F8215D33A5500FF5B4D /* like.png in Resources */ = {isa = PBXBuildFile; fileRef = 53A24F8115D33A5500FF5B4D /* like.png */; };
		53A24FD015D39DFF00FF5B4D /* Ubuntu-B.ttf in Resources */ = {isa = PBXBuildFile; fileRef = 53A24FBC15D39DFF00FF5B4D /* Ubuntu-B.ttf */; };
		53A24FD115D39DFF00FF5B4D /* Ubuntu-BI.ttf in Resources */ = {isa = PBXBuildFile; fileRef = 53A24FBD15D39DFF00FF5B4D /* Ubuntu-BI.ttf */; };
		53A24FD215D39DFF00FF5B4D /* Ubuntu-C.ttf in Resources */ = {isa = PBXBuildFile; fileRef = 53A24FBE15D39DFF00FF5B4D /* Ubuntu-C.ttf */; };
		53A24FD315D39DFF00FF5B4D /* Ubuntu-L.ttf in Resources */ = {isa = PBXBuildFile; fileRef = 53A24FBF15D39DFF00FF5B4D /* Ubuntu-L.ttf */; };
		53A24FD415D39DFF00FF5B4D /* Ubuntu-LI.ttf in Resources */ = {isa = PBXBuildFile; fileRef = 53A24FC015D39DFF00FF5B4D /* Ubuntu-LI.ttf */; };
		53A24FD515D39DFF00FF5B4D /* Ubuntu-M.ttf in Resources */ = {isa = PBXBuildFile; fileRef = 53A24FC115D39DFF00FF5B4D /* Ubuntu-M.ttf */; };
		53A24FD615D39DFF00FF5B4D /* Ubuntu-MI.ttf in Resources */ = {isa = PBXBuildFile; fileRef = 53A24FC215D39DFF00FF5B4D /* Ubuntu-MI.ttf */; };
		53A24FD715D39DFF00FF5B4D /* Ubuntu-R.ttf in Resources */ = {isa = PBXBuildFile; fileRef = 53A24FC315D39DFF00FF5B4D /* Ubuntu-R.ttf */; };
		53A24FD815D39DFF00FF5B4D /* Ubuntu-RI.ttf in Resources */ = {isa = PBXBuildFile; fileRef = 53A24FC415D39DFF00FF5B4D /* Ubuntu-RI.ttf */; };
		53A24FD915D39DFF00FF5B4D /* UbuntuMono-B.ttf in Resources */ = {isa = PBXBuildFile; fileRef = 53A24FC515D39DFF00FF5B4D /* UbuntuMono-B.ttf */; };
		53A24FDA15D39DFF00FF5B4D /* UbuntuMono-BI.ttf in Resources */ = {isa = PBXBuildFile; fileRef = 53A24FC615D39DFF00FF5B4D /* UbuntuMono-BI.ttf */; };
		53A24FDB15D39DFF00FF5B4D /* UbuntuMono-R.ttf in Resources */ = {isa = PBXBuildFile; fileRef = 53A24FC715D39DFF00FF5B4D /* UbuntuMono-R.ttf */; };
		53A24FDC15D39DFF00FF5B4D /* UbuntuMono-RI.ttf in Resources */ = {isa = PBXBuildFile; fileRef = 53A24FC815D39DFF00FF5B4D /* UbuntuMono-RI.ttf */; };
		53EDA0BE15D6D3FE001AA947 /* mute.png in Resources */ = {isa = PBXBuildFile; fileRef = 53EDA0BC15D6D3FE001AA947 /* mute.png */; };
		53EDA0BF15D6D3FE001AA947 /* unmute.png in Resources */ = {isa = PBXBuildFile; fileRef = 53EDA0BD15D6D3FE001AA947 /* unmute.png */; };
		53EDA0C215D6DF4D001AA947 /* CacheProvider.m in Sources */ = {isa = PBXBuildFile; fileRef = 53EDA0C115D6DF4D001AA947 /* CacheProvider.m */; };
		53EDA0DF15D71FEA001AA947 /* VerticalMenuPopup.xib in Resources */ = {isa = PBXBuildFile; fileRef = 53EDA0DE15D71FEA001AA947 /* VerticalMenuPopup.xib */; };
		53EDA0E115D72145001AA947 /* plurk.png in Resources */ = {isa = PBXBuildFile; fileRef = 53EDA0E015D72145001AA947 /* plurk.png */; };
		53EDA0EB15D7C20B001AA947 /* default.gif in Resources */ = {isa = PBXBuildFile; fileRef = 53EDA0EA15D7C20B001AA947 /* default.gif */; };
		53EDA12B15D81AB5001AA947 /* libSDWebImage.a in Frameworks */ = {isa = PBXBuildFile; fileRef = 53EDA12415D81A4F001AA947 /* libSDWebImage.a */; };
		53EDA12D15D81AC7001AA947 /* ImageIO.framework in Frameworks */ = {isa = PBXBuildFile; fileRef = 53EDA12C15D81AC7001AA947 /* ImageIO.framework */; };
		53EDA14E15D84746001AA947 /* PlurkViewController.m in Sources */ = {isa = PBXBuildFile; fileRef = 53EDA14C15D84745001AA947 /* PlurkViewController.m */; };
		53EDA14F15D84746001AA947 /* PlurkViewController.xib in Resources */ = {isa = PBXBuildFile; fileRef = 53EDA14D15D84745001AA947 /* PlurkViewController.xib */; };
		53EDA15815D8513A001AA947 /* AGMedallionView.m in Sources */ = {isa = PBXBuildFile; fileRef = 53EDA15615D8513A001AA947 /* AGMedallionView.m */; };
		53EDA15915D8513A001AA947 /* sample.png in Resources */ = {isa = PBXBuildFile; fileRef = 53EDA15715D8513A001AA947 /* sample.png */; };
		53EDA16115D8581F001AA947 /* ODRefreshControl.m in Sources */ = {isa = PBXBuildFile; fileRef = 53EDA16015D8581F001AA947 /* ODRefreshControl.m */; };
		53FD1A8A15CB157E00F9C9CF /* PlurkData.m in Sources */ = {isa = PBXBuildFile; fileRef = 53FD1A8915CB157E00F9C9CF /* PlurkData.m */; };
		53FD1A8E15CB15D800F9C9CF /* UserData.m in Sources */ = {isa = PBXBuildFile; fileRef = 53FD1A8D15CB15D800F9C9CF /* UserData.m */; };
/* End PBXBuildFile section */

/* Begin PBXContainerItemProxy section */
		53EDA12315D81A4F001AA947 /* PBXContainerItemProxy */ = {
			isa = PBXContainerItemProxy;
			containerPortal = 53EDA11A15D81A4E001AA947 /* SDWebImage.xcodeproj */;
			proxyType = 2;
			remoteGlobalIDString = 53922D6F148C55820056699D;
			remoteInfo = SDWebImage;
		};
		53EDA12515D81A4F001AA947 /* PBXContainerItemProxy */ = {
			isa = PBXContainerItemProxy;
			containerPortal = 53EDA11A15D81A4E001AA947 /* SDWebImage.xcodeproj */;
			proxyType = 2;
			remoteGlobalIDString = 53761325155AD0D5005750A4;
			remoteInfo = "SDWebImage ARC";
		};
		53EDA12715D81A4F001AA947 /* PBXContainerItemProxy */ = {
			isa = PBXContainerItemProxy;
			containerPortal = 53EDA11A15D81A4E001AA947 /* SDWebImage.xcodeproj */;
			proxyType = 2;
			remoteGlobalIDString = 531041E0157EAFA400BBABC3;
			remoteInfo = "SDWebImage ARC+MKAnnotation";
		};
		53EDA12915D81AA1001AA947 /* PBXContainerItemProxy */ = {
			isa = PBXContainerItemProxy;
			containerPortal = 53EDA11A15D81A4E001AA947 /* SDWebImage.xcodeproj */;
			proxyType = 1;
			remoteGlobalIDString = 53922D6E148C55810056699D;
			remoteInfo = SDWebImage;
		};
/* End PBXContainerItemProxy section */

/* Begin PBXFileReference section */
		530998BD15D9A28000618000 /* MNMBottomPullToRefresh.strings */ = {isa = PBXFileReference; fileEncoding = 4; lastKnownFileType = text.plist.strings; path = MNMBottomPullToRefresh.strings; sourceTree = "<group>"; };
		530998BE15D9A28000618000 /* MNMBottomPullToRefreshArrow.png */ = {isa = PBXFileReference; lastKnownFileType = image.png; path = MNMBottomPullToRefreshArrow.png; sourceTree = "<group>"; };
		530998BF15D9A28000618000 /* MNMBottomPullToRefreshArrow@2x.png */ = {isa = PBXFileReference; lastKnownFileType = image.png; path = "MNMBottomPullToRefreshArrow@2x.png"; sourceTree = "<group>"; };
		530998C015D9A28000618000 /* MNMBottomPullToRefreshManager.h */ = {isa = PBXFileReference; fileEncoding = 4; lastKnownFileType = sourcecode.c.h; path = MNMBottomPullToRefreshManager.h; sourceTree = "<group>"; };
		530998C115D9A28000618000 /* MNMBottomPullToRefreshManager.m */ = {isa = PBXFileReference; fileEncoding = 4; lastKnownFileType = sourcecode.c.objc; path = MNMBottomPullToRefreshManager.m; sourceTree = "<group>"; };
		530998C215D9A28000618000 /* MNMBottomPullToRefreshView.h */ = {isa = PBXFileReference; fileEncoding = 4; lastKnownFileType = sourcecode.c.h; path = MNMBottomPullToRefreshView.h; sourceTree = "<group>"; };
		530998C315D9A28000618000 /* MNMBottomPullToRefreshView.m */ = {isa = PBXFileReference; fileEncoding = 4; lastKnownFileType = sourcecode.c.objc; path = MNMBottomPullToRefreshView.m; sourceTree = "<group>"; };
		530F30F615D6A5F700E474A9 /* HorizontalPopup.xib */ = {isa = PBXFileReference; fileEncoding = 4; lastKnownFileType = file.xib; path = HorizontalPopup.xib; sourceTree = "<group>"; };
		530F30F915D6A65D00E474A9 /* Popup.h */ = {isa = PBXFileReference; fileEncoding = 4; lastKnownFileType = sourcecode.c.h; path = Popup.h; sourceTree = "<group>"; };
		530F30FA15D6A65D00E474A9 /* Popup.m */ = {isa = PBXFileReference; fileEncoding = 4; lastKnownFileType = sourcecode.c.objc; path = Popup.m; sourceTree = "<group>"; };
		53616C7B15C7DD14002DB5C3 /* MBProgressHUD.h */ = {isa = PBXFileReference; fileEncoding = 4; lastKnownFileType = sourcecode.c.h; path = MBProgressHUD.h; sourceTree = "<group>"; };
		53616C7C15C7DD14002DB5C3 /* MBProgressHUD.m */ = {isa = PBXFileReference; fileEncoding = 4; lastKnownFileType = sourcecode.c.objc; path = MBProgressHUD.m; sourceTree = "<group>"; };
		5385187215C40CBA00E0CEDF /* iPlu.app */ = {isa = PBXFileReference; explicitFileType = wrapper.application; includeInIndex = 0; path = iPlu.app; sourceTree = BUILT_PRODUCTS_DIR; };
		5385187615C40CBA00E0CEDF /* UIKit.framework */ = {isa = PBXFileReference; lastKnownFileType = wrapper.framework; name = UIKit.framework; path = System/Library/Frameworks/UIKit.framework; sourceTree = SDKROOT; };
		5385187815C40CBA00E0CEDF /* Foundation.framework */ = {isa = PBXFileReference; lastKnownFileType = wrapper.framework; name = Foundation.framework; path = System/Library/Frameworks/Foundation.framework; sourceTree = SDKROOT; };
		5385187A15C40CBA00E0CEDF /* CoreGraphics.framework */ = {isa = PBXFileReference; lastKnownFileType = wrapper.framework; name = CoreGraphics.framework; path = System/Library/Frameworks/CoreGraphics.framework; sourceTree = SDKROOT; };
		5385187E15C40CBA00E0CEDF /* iPlu-Info.plist */ = {isa = PBXFileReference; lastKnownFileType = text.plist.xml; path = "iPlu-Info.plist"; sourceTree = "<group>"; };
		5385188015C40CBA00E0CEDF /* en */ = {isa = PBXFileReference; lastKnownFileType = text.plist.strings; name = en; path = en.lproj/InfoPlist.strings; sourceTree = "<group>"; };
		5385188215C40CBA00E0CEDF /* main.m */ = {isa = PBXFileReference; lastKnownFileType = sourcecode.c.objc; path = main.m; sourceTree = "<group>"; };
		5385188415C40CBA00E0CEDF /* iPlu-Prefix.pch */ = {isa = PBXFileReference; lastKnownFileType = sourcecode.c.h; path = "iPlu-Prefix.pch"; sourceTree = "<group>"; };
		538518B015C40D9000E0CEDF /* Base64Transcoder.h */ = {isa = PBXFileReference; lastKnownFileType = sourcecode.c.h; path = Base64Transcoder.h; sourceTree = "<group>"; };
		538518B115C40D9600E0CEDF /* Base64Transcoder.c */ = {isa = PBXFileReference; fileEncoding = 4; lastKnownFileType = sourcecode.c.c; path = Base64Transcoder.c; sourceTree = "<group>"; };
		538518B415C40DF700E0CEDF /* OAHMAC_SHA1SignatureProvider.h */ = {isa = PBXFileReference; lastKnownFileType = sourcecode.c.h; path = OAHMAC_SHA1SignatureProvider.h; sourceTree = "<group>"; };
		538518B515C40E0200E0CEDF /* OAHMAC_SHA1SignatureProvider.m */ = {isa = PBXFileReference; fileEncoding = 4; lastKnownFileType = sourcecode.c.objc; path = OAHMAC_SHA1SignatureProvider.m; sourceTree = "<group>"; };
		538518B715C40E1300E0CEDF /* AppSettingsHelper.h */ = {isa = PBXFileReference; lastKnownFileType = sourcecode.c.h; path = AppSettingsHelper.h; sourceTree = "<group>"; };
		538518B815C40E1800E0CEDF /* AppSettingsHelper.m */ = {isa = PBXFileReference; fileEncoding = 4; lastKnownFileType = sourcecode.c.objc; path = AppSettingsHelper.m; sourceTree = "<group>"; };
		538518BA15C40E1E00E0CEDF /* OAuthProvider.h */ = {isa = PBXFileReference; lastKnownFileType = sourcecode.c.h; path = OAuthProvider.h; sourceTree = "<group>"; };
		538518BB15C40E2300E0CEDF /* OAuthProvider.m */ = {isa = PBXFileReference; fileEncoding = 4; lastKnownFileType = sourcecode.c.objc; path = OAuthProvider.m; sourceTree = "<group>"; };
		538518BD15C40E2900E0CEDF /* PlurkConnector.h */ = {isa = PBXFileReference; lastKnownFileType = sourcecode.c.h; path = PlurkConnector.h; sourceTree = "<group>"; };
		538518BE15C40E2D00E0CEDF /* PlurkConnector.m */ = {isa = PBXFileReference; fileEncoding = 4; lastKnownFileType = sourcecode.c.objc; path = PlurkConnector.m; sourceTree = "<group>"; };
		538518C015C40E3700E0CEDF /* MainViewController.h */ = {isa = PBXFileReference; lastKnownFileType = sourcecode.c.h; path = MainViewController.h; sourceTree = "<group>"; };
		538518C115C40E3B00E0CEDF /* MainViewController.m */ = {isa = PBXFileReference; fileEncoding = 4; lastKnownFileType = sourcecode.c.objc; path = MainViewController.m; sourceTree = "<group>"; };
		538518C315C40E4000E0CEDF /* MainViewController.xib */ = {isa = PBXFileReference; fileEncoding = 4; lastKnownFileType = file.xib; path = MainViewController.xib; sourceTree = "<group>"; };
		538518C515C40E4400E0CEDF /* OAuthLoginViewController.h */ = {isa = PBXFileReference; lastKnownFileType = sourcecode.c.h; path = OAuthLoginViewController.h; sourceTree = "<group>"; };
		538518C615C40E4900E0CEDF /* OAuthLoginViewController.m */ = {isa = PBXFileReference; fileEncoding = 4; lastKnownFileType = sourcecode.c.objc; path = OAuthLoginViewController.m; sourceTree = "<group>"; };
		538518C815C40E4E00E0CEDF /* OAuthLoginViewController.xib */ = {isa = PBXFileReference; fileEncoding = 4; lastKnownFileType = file.xib; path = OAuthLoginViewController.xib; sourceTree = "<group>"; };
		538518CA15C40E5A00E0CEDF /* AppDelegate.h */ = {isa = PBXFileReference; lastKnownFileType = sourcecode.c.h; path = AppDelegate.h; sourceTree = "<group>"; };
		538518CB15C40E5F00E0CEDF /* AppDelegate.m */ = {isa = PBXFileReference; fileEncoding = 4; lastKnownFileType = sourcecode.c.objc; path = AppDelegate.m; sourceTree = "<group>"; };
		538518D615C4787700E0CEDF /* NSObject+SBJson.h */ = {isa = PBXFileReference; fileEncoding = 4; lastKnownFileType = sourcecode.c.h; path = "NSObject+SBJson.h"; sourceTree = "<group>"; };
		538518D715C4787700E0CEDF /* NSObject+SBJson.m */ = {isa = PBXFileReference; fileEncoding = 4; lastKnownFileType = sourcecode.c.objc; path = "NSObject+SBJson.m"; sourceTree = "<group>"; };
		538518D815C4787700E0CEDF /* SBJson.h */ = {isa = PBXFileReference; fileEncoding = 4; lastKnownFileType = sourcecode.c.h; path = SBJson.h; sourceTree = "<group>"; };
		538518D915C4787700E0CEDF /* SBJsonParser.h */ = {isa = PBXFileReference; fileEncoding = 4; lastKnownFileType = sourcecode.c.h; path = SBJsonParser.h; sourceTree = "<group>"; };
		538518DA15C4787700E0CEDF /* SBJsonParser.m */ = {isa = PBXFileReference; fileEncoding = 4; lastKnownFileType = sourcecode.c.objc; path = SBJsonParser.m; sourceTree = "<group>"; };
		538518DB15C4787700E0CEDF /* SBJsonStreamParser.h */ = {isa = PBXFileReference; fileEncoding = 4; lastKnownFileType = sourcecode.c.h; path = SBJsonStreamParser.h; sourceTree = "<group>"; };
		538518DC15C4787700E0CEDF /* SBJsonStreamParser.m */ = {isa = PBXFileReference; fileEncoding = 4; lastKnownFileType = sourcecode.c.objc; path = SBJsonStreamParser.m; sourceTree = "<group>"; };
		538518DD15C4787700E0CEDF /* SBJsonStreamParserAccumulator.h */ = {isa = PBXFileReference; fileEncoding = 4; lastKnownFileType = sourcecode.c.h; path = SBJsonStreamParserAccumulator.h; sourceTree = "<group>"; };
		538518DE15C4787700E0CEDF /* SBJsonStreamParserAccumulator.m */ = {isa = PBXFileReference; fileEncoding = 4; lastKnownFileType = sourcecode.c.objc; path = SBJsonStreamParserAccumulator.m; sourceTree = "<group>"; };
		538518DF15C4787700E0CEDF /* SBJsonStreamParserAdapter.h */ = {isa = PBXFileReference; fileEncoding = 4; lastKnownFileType = sourcecode.c.h; path = SBJsonStreamParserAdapter.h; sourceTree = "<group>"; };
		538518E015C4787700E0CEDF /* SBJsonStreamParserAdapter.m */ = {isa = PBXFileReference; fileEncoding = 4; lastKnownFileType = sourcecode.c.objc; path = SBJsonStreamParserAdapter.m; sourceTree = "<group>"; };
		538518E115C4787700E0CEDF /* SBJsonStreamParserState.h */ = {isa = PBXFileReference; fileEncoding = 4; lastKnownFileType = sourcecode.c.h; path = SBJsonStreamParserState.h; sourceTree = "<group>"; };
		538518E215C4787700E0CEDF /* SBJsonStreamParserState.m */ = {isa = PBXFileReference; fileEncoding = 4; lastKnownFileType = sourcecode.c.objc; path = SBJsonStreamParserState.m; sourceTree = "<group>"; };
		538518E315C4787700E0CEDF /* SBJsonStreamWriter.h */ = {isa = PBXFileReference; fileEncoding = 4; lastKnownFileType = sourcecode.c.h; path = SBJsonStreamWriter.h; sourceTree = "<group>"; };
		538518E415C4787700E0CEDF /* SBJsonStreamWriter.m */ = {isa = PBXFileReference; fileEncoding = 4; lastKnownFileType = sourcecode.c.objc; path = SBJsonStreamWriter.m; sourceTree = "<group>"; };
		538518E515C4787700E0CEDF /* SBJsonStreamWriterAccumulator.h */ = {isa = PBXFileReference; fileEncoding = 4; lastKnownFileType = sourcecode.c.h; path = SBJsonStreamWriterAccumulator.h; sourceTree = "<group>"; };
		538518E615C4787700E0CEDF /* SBJsonStreamWriterAccumulator.m */ = {isa = PBXFileReference; fileEncoding = 4; lastKnownFileType = sourcecode.c.objc; path = SBJsonStreamWriterAccumulator.m; sourceTree = "<group>"; };
		538518E715C4787700E0CEDF /* SBJsonStreamWriterState.h */ = {isa = PBXFileReference; fileEncoding = 4; lastKnownFileType = sourcecode.c.h; path = SBJsonStreamWriterState.h; sourceTree = "<group>"; };
		538518E815C4787700E0CEDF /* SBJsonStreamWriterState.m */ = {isa = PBXFileReference; fileEncoding = 4; lastKnownFileType = sourcecode.c.objc; path = SBJsonStreamWriterState.m; sourceTree = "<group>"; };
		538518E915C4787700E0CEDF /* SBJsonTokeniser.h */ = {isa = PBXFileReference; fileEncoding = 4; lastKnownFileType = sourcecode.c.h; path = SBJsonTokeniser.h; sourceTree = "<group>"; };
		538518EA15C4787700E0CEDF /* SBJsonTokeniser.m */ = {isa = PBXFileReference; fileEncoding = 4; lastKnownFileType = sourcecode.c.objc; path = SBJsonTokeniser.m; sourceTree = "<group>"; };
		538518EB15C4787700E0CEDF /* SBJsonUTF8Stream.h */ = {isa = PBXFileReference; fileEncoding = 4; lastKnownFileType = sourcecode.c.h; path = SBJsonUTF8Stream.h; sourceTree = "<group>"; };
		538518EC15C4787700E0CEDF /* SBJsonUTF8Stream.m */ = {isa = PBXFileReference; fileEncoding = 4; lastKnownFileType = sourcecode.c.objc; path = SBJsonUTF8Stream.m; sourceTree = "<group>"; };
		538518ED15C4787700E0CEDF /* SBJsonWriter.h */ = {isa = PBXFileReference; fileEncoding = 4; lastKnownFileType = sourcecode.c.h; path = SBJsonWriter.h; sourceTree = "<group>"; };
		538518EE15C4787700E0CEDF /* SBJsonWriter.m */ = {isa = PBXFileReference; fileEncoding = 4; lastKnownFileType = sourcecode.c.objc; path = SBJsonWriter.m; sourceTree = "<group>"; };
		53A24F6615D309FB00FF5B4D /* TimelineCell.h */ = {isa = PBXFileReference; fileEncoding = 4; lastKnownFileType = sourcecode.c.h; path = TimelineCell.h; sourceTree = "<group>"; };
		53A24F6715D309FB00FF5B4D /* TimelineCell.m */ = {isa = PBXFileReference; fileEncoding = 4; lastKnownFileType = sourcecode.c.objc; path = TimelineCell.m; sourceTree = "<group>"; };
		53A24F6915D30A1100FF5B4D /* TimelineCell.xib */ = {isa = PBXFileReference; fileEncoding = 4; lastKnownFileType = file.xib; path = TimelineCell.xib; sourceTree = "<group>"; };
		53A24F7015D311D000FF5B4D /* user.png */ = {isa = PBXFileReference; lastKnownFileType = image.png; path = user.png; sourceTree = "<group>"; };
		53A24F7215D316F500FF5B4D /* QuartzCore.framework */ = {isa = PBXFileReference; lastKnownFileType = wrapper.framework; name = QuartzCore.framework; path = System/Library/Frameworks/QuartzCore.framework; sourceTree = SDKROOT; };
		53A24F7415D31D7100FF5B4D /* ColorsProvider.h */ = {isa = PBXFileReference; fileEncoding = 4; lastKnownFileType = sourcecode.c.h; name = ColorsProvider.h; path = iPlu/Classes/ColorsProvider.h; sourceTree = SOURCE_ROOT; };
		53A24F7515D31D7100FF5B4D /* ColorsProvider.m */ = {isa = PBXFileReference; fileEncoding = 4; lastKnownFileType = sourcecode.c.objc; name = ColorsProvider.m; path = iPlu/Classes/ColorsProvider.m; sourceTree = SOURCE_ROOT; };
		53A24F8115D33A5500FF5B4D /* like.png */ = {isa = PBXFileReference; lastKnownFileType = image.png; path = like.png; sourceTree = "<group>"; };
		53A24FB215D39CA900FF5B4D /* iPlu.entitlements */ = {isa = PBXFileReference; lastKnownFileType = text.xml; path = iPlu.entitlements; sourceTree = "<group>"; };
		53A24FBC15D39DFF00FF5B4D /* Ubuntu-B.ttf */ = {isa = PBXFileReference; lastKnownFileType = file; path = "Ubuntu-B.ttf"; sourceTree = "<group>"; };
		53A24FBD15D39DFF00FF5B4D /* Ubuntu-BI.ttf */ = {isa = PBXFileReference; lastKnownFileType = file; path = "Ubuntu-BI.ttf"; sourceTree = "<group>"; };
		53A24FBE15D39DFF00FF5B4D /* Ubuntu-C.ttf */ = {isa = PBXFileReference; lastKnownFileType = file; path = "Ubuntu-C.ttf"; sourceTree = "<group>"; };
		53A24FBF15D39DFF00FF5B4D /* Ubuntu-L.ttf */ = {isa = PBXFileReference; lastKnownFileType = file; path = "Ubuntu-L.ttf"; sourceTree = "<group>"; };
		53A24FC015D39DFF00FF5B4D /* Ubuntu-LI.ttf */ = {isa = PBXFileReference; lastKnownFileType = file; path = "Ubuntu-LI.ttf"; sourceTree = "<group>"; };
		53A24FC115D39DFF00FF5B4D /* Ubuntu-M.ttf */ = {isa = PBXFileReference; lastKnownFileType = file; path = "Ubuntu-M.ttf"; sourceTree = "<group>"; };
		53A24FC215D39DFF00FF5B4D /* Ubuntu-MI.ttf */ = {isa = PBXFileReference; lastKnownFileType = file; path = "Ubuntu-MI.ttf"; sourceTree = "<group>"; };
		53A24FC315D39DFF00FF5B4D /* Ubuntu-R.ttf */ = {isa = PBXFileReference; lastKnownFileType = file; path = "Ubuntu-R.ttf"; sourceTree = "<group>"; };
		53A24FC415D39DFF00FF5B4D /* Ubuntu-RI.ttf */ = {isa = PBXFileReference; lastKnownFileType = file; path = "Ubuntu-RI.ttf"; sourceTree = "<group>"; };
		53A24FC515D39DFF00FF5B4D /* UbuntuMono-B.ttf */ = {isa = PBXFileReference; lastKnownFileType = file; path = "UbuntuMono-B.ttf"; sourceTree = "<group>"; };
		53A24FC615D39DFF00FF5B4D /* UbuntuMono-BI.ttf */ = {isa = PBXFileReference; lastKnownFileType = file; path = "UbuntuMono-BI.ttf"; sourceTree = "<group>"; };
		53A24FC715D39DFF00FF5B4D /* UbuntuMono-R.ttf */ = {isa = PBXFileReference; lastKnownFileType = file; path = "UbuntuMono-R.ttf"; sourceTree = "<group>"; };
		53A24FC815D39DFF00FF5B4D /* UbuntuMono-RI.ttf */ = {isa = PBXFileReference; lastKnownFileType = file; path = "UbuntuMono-RI.ttf"; sourceTree = "<group>"; };
		53EDA0BC15D6D3FE001AA947 /* mute.png */ = {isa = PBXFileReference; lastKnownFileType = image.png; path = mute.png; sourceTree = "<group>"; };
		53EDA0BD15D6D3FE001AA947 /* unmute.png */ = {isa = PBXFileReference; lastKnownFileType = image.png; path = unmute.png; sourceTree = "<group>"; };
		53EDA0C015D6DF4D001AA947 /* CacheProvider.h */ = {isa = PBXFileReference; fileEncoding = 4; lastKnownFileType = sourcecode.c.h; path = CacheProvider.h; sourceTree = "<group>"; };
		53EDA0C115D6DF4D001AA947 /* CacheProvider.m */ = {isa = PBXFileReference; fileEncoding = 4; lastKnownFileType = sourcecode.c.objc; path = CacheProvider.m; sourceTree = "<group>"; };
		53EDA0DE15D71FEA001AA947 /* VerticalMenuPopup.xib */ = {isa = PBXFileReference; fileEncoding = 4; lastKnownFileType = file.xib; path = VerticalMenuPopup.xib; sourceTree = "<group>"; };
		53EDA0E015D72145001AA947 /* plurk.png */ = {isa = PBXFileReference; lastKnownFileType = image.png; path = plurk.png; sourceTree = "<group>"; };
		53EDA0EA15D7C20B001AA947 /* default.gif */ = {isa = PBXFileReference; lastKnownFileType = image.gif; path = default.gif; sourceTree = "<group>"; };
		53EDA11A15D81A4E001AA947 /* SDWebImage.xcodeproj */ = {isa = PBXFileReference; lastKnownFileType = "wrapper.pb-project"; name = SDWebImage.xcodeproj; path = iPlu/SDWebImage/SDWebImage.xcodeproj; sourceTree = "<group>"; };
		53EDA12C15D81AC7001AA947 /* ImageIO.framework */ = {isa = PBXFileReference; lastKnownFileType = wrapper.framework; name = ImageIO.framework; path = System/Library/Frameworks/ImageIO.framework; sourceTree = SDKROOT; };
		53EDA14B15D84745001AA947 /* PlurkViewController.h */ = {isa = PBXFileReference; fileEncoding = 4; lastKnownFileType = sourcecode.c.h; path = PlurkViewController.h; sourceTree = "<group>"; };
		53EDA14C15D84745001AA947 /* PlurkViewController.m */ = {isa = PBXFileReference; fileEncoding = 4; lastKnownFileType = sourcecode.c.objc; path = PlurkViewController.m; sourceTree = "<group>"; };
		53EDA14D15D84745001AA947 /* PlurkViewController.xib */ = {isa = PBXFileReference; fileEncoding = 4; lastKnownFileType = file.xib; path = PlurkViewController.xib; sourceTree = "<group>"; };
		53EDA15515D8513A001AA947 /* AGMedallionView.h */ = {isa = PBXFileReference; fileEncoding = 4; lastKnownFileType = sourcecode.c.h; path = AGMedallionView.h; sourceTree = "<group>"; };
		53EDA15615D8513A001AA947 /* AGMedallionView.m */ = {isa = PBXFileReference; fileEncoding = 4; lastKnownFileType = sourcecode.c.objc; path = AGMedallionView.m; sourceTree = "<group>"; };
		53EDA15715D8513A001AA947 /* sample.png */ = {isa = PBXFileReference; lastKnownFileType = image.png; path = sample.png; sourceTree = "<group>"; };
		53EDA15F15D8581F001AA947 /* ODRefreshControl.h */ = {isa = PBXFileReference; fileEncoding = 4; lastKnownFileType = sourcecode.c.h; path = ODRefreshControl.h; sourceTree = "<group>"; };
		53EDA16015D8581F001AA947 /* ODRefreshControl.m */ = {isa = PBXFileReference; fileEncoding = 4; lastKnownFileType = sourcecode.c.objc; path = ODRefreshControl.m; sourceTree = "<group>"; };
		53FD1A8815CB157E00F9C9CF /* PlurkData.h */ = {isa = PBXFileReference; fileEncoding = 4; lastKnownFileType = sourcecode.c.h; name = PlurkData.h; path = iPlu/Classes/PlurkData.h; sourceTree = SOURCE_ROOT; };
		53FD1A8915CB157E00F9C9CF /* PlurkData.m */ = {isa = PBXFileReference; fileEncoding = 4; lastKnownFileType = sourcecode.c.objc; name = PlurkData.m; path = iPlu/Classes/PlurkData.m; sourceTree = SOURCE_ROOT; };
		53FD1A8C15CB15D800F9C9CF /* UserData.h */ = {isa = PBXFileReference; fileEncoding = 4; lastKnownFileType = sourcecode.c.h; path = UserData.h; sourceTree = "<group>"; };
		53FD1A8D15CB15D800F9C9CF /* UserData.m */ = {isa = PBXFileReference; fileEncoding = 4; lastKnownFileType = sourcecode.c.objc; path = UserData.m; sourceTree = "<group>"; };
/* End PBXFileReference section */

/* Begin PBXFrameworksBuildPhase section */
		5385186F15C40CBA00E0CEDF /* Frameworks */ = {
			isa = PBXFrameworksBuildPhase;
			buildActionMask = 2147483647;
			files = (
				53EDA12D15D81AC7001AA947 /* ImageIO.framework in Frameworks */,
				53EDA12B15D81AB5001AA947 /* libSDWebImage.a in Frameworks */,
				5385187715C40CBA00E0CEDF /* UIKit.framework in Frameworks */,
				5385187915C40CBA00E0CEDF /* Foundation.framework in Frameworks */,
				5385187B15C40CBA00E0CEDF /* CoreGraphics.framework in Frameworks */,
				53A24F7315D316F500FF5B4D /* QuartzCore.framework in Frameworks */,
			);
			runOnlyForDeploymentPostprocessing = 0;
		};
/* End PBXFrameworksBuildPhase section */

/* Begin PBXGroup section */
		530998BC15D9A28000618000 /* MNMBottomPullToRefresh */ = {
			isa = PBXGroup;
			children = (
				530998BD15D9A28000618000 /* MNMBottomPullToRefresh.strings */,
				530998BE15D9A28000618000 /* MNMBottomPullToRefreshArrow.png */,
				530998BF15D9A28000618000 /* MNMBottomPullToRefreshArrow@2x.png */,
				530998C015D9A28000618000 /* MNMBottomPullToRefreshManager.h */,
				530998C115D9A28000618000 /* MNMBottomPullToRefreshManager.m */,
				530998C215D9A28000618000 /* MNMBottomPullToRefreshView.h */,
				530998C315D9A28000618000 /* MNMBottomPullToRefreshView.m */,
			);
			path = MNMBottomPullToRefresh;
			sourceTree = "<group>";
		};
		53616C7A15C7DD14002DB5C3 /* MBProgressHUD */ = {
			isa = PBXGroup;
			children = (
				53616C7B15C7DD14002DB5C3 /* MBProgressHUD.h */,
				53616C7C15C7DD14002DB5C3 /* MBProgressHUD.m */,
			);
			path = MBProgressHUD;
			sourceTree = "<group>";
		};
		5385186715C40CBA00E0CEDF = {
			isa = PBXGroup;
			children = (
				53EDA11A15D81A4E001AA947 /* SDWebImage.xcodeproj */,
				5385187C15C40CBA00E0CEDF /* iPlu */,
				5385187515C40CBA00E0CEDF /* Frameworks */,
				5385187315C40CBA00E0CEDF /* Products */,
			);
			sourceTree = "<group>";
		};
		5385187315C40CBA00E0CEDF /* Products */ = {
			isa = PBXGroup;
			children = (
				5385187215C40CBA00E0CEDF /* iPlu.app */,
			);
			name = Products;
			sourceTree = "<group>";
		};
		5385187515C40CBA00E0CEDF /* Frameworks */ = {
			isa = PBXGroup;
			children = (
				53EDA12C15D81AC7001AA947 /* ImageIO.framework */,
				53A24F7215D316F500FF5B4D /* QuartzCore.framework */,
				5385187615C40CBA00E0CEDF /* UIKit.framework */,
				5385187815C40CBA00E0CEDF /* Foundation.framework */,
				5385187A15C40CBA00E0CEDF /* CoreGraphics.framework */,
			);
			name = Frameworks;
			sourceTree = "<group>";
		};
		5385187C15C40CBA00E0CEDF /* iPlu */ = {
			isa = PBXGroup;
			children = (
				530998BC15D9A28000618000 /* MNMBottomPullToRefresh */,
				53EDA15E15D8581E001AA947 /* ODRefreshControl */,
				53EDA15415D8513A001AA947 /* AGMedallionView */,
				53A24FB215D39CA900FF5B4D /* iPlu.entitlements */,
				53A24F6F15D311CF00FF5B4D /* Resources */,
				53616C7A15C7DD14002DB5C3 /* MBProgressHUD */,
				538518D515C4787700E0CEDF /* JSON */,
				538518CA15C40E5A00E0CEDF /* AppDelegate.h */,
				538518CB15C40E5F00E0CEDF /* AppDelegate.m */,
				538518A515C40D7700E0CEDF /* Views */,
				5385189E15C40D6A00E0CEDF /* Helpers */,
				5385189415C40D5E00E0CEDF /* Classes */,
				5385187D15C40CBA00E0CEDF /* Supporting Files */,
			);
			path = iPlu;
			sourceTree = "<group>";
		};
		5385187D15C40CBA00E0CEDF /* Supporting Files */ = {
			isa = PBXGroup;
			children = (
				5385187E15C40CBA00E0CEDF /* iPlu-Info.plist */,
				5385187F15C40CBA00E0CEDF /* InfoPlist.strings */,
				5385188215C40CBA00E0CEDF /* main.m */,
				5385188415C40CBA00E0CEDF /* iPlu-Prefix.pch */,
			);
			name = "Supporting Files";
			sourceTree = "<group>";
		};
		5385189415C40D5E00E0CEDF /* Classes */ = {
			isa = PBXGroup;
			children = (
				53A24F7415D31D7100FF5B4D /* ColorsProvider.h */,
				53A24F7515D31D7100FF5B4D /* ColorsProvider.m */,
				53FD1A8815CB157E00F9C9CF /* PlurkData.h */,
				53FD1A8915CB157E00F9C9CF /* PlurkData.m */,
				538518BD15C40E2900E0CEDF /* PlurkConnector.h */,
				538518BE15C40E2D00E0CEDF /* PlurkConnector.m */,
				538518BA15C40E1E00E0CEDF /* OAuthProvider.h */,
				538518BB15C40E2300E0CEDF /* OAuthProvider.m */,
				538518B715C40E1300E0CEDF /* AppSettingsHelper.h */,
				538518B815C40E1800E0CEDF /* AppSettingsHelper.m */,
				53FD1A8C15CB15D800F9C9CF /* UserData.h */,
				53FD1A8D15CB15D800F9C9CF /* UserData.m */,
				53EDA0C015D6DF4D001AA947 /* CacheProvider.h */,
				53EDA0C115D6DF4D001AA947 /* CacheProvider.m */,
			);
			path = Classes;
			sourceTree = "<group>";
		};
		5385189E15C40D6A00E0CEDF /* Helpers */ = {
			isa = PBXGroup;
			children = (
				538518B515C40E0200E0CEDF /* OAHMAC_SHA1SignatureProvider.m */,
				538518B415C40DF700E0CEDF /* OAHMAC_SHA1SignatureProvider.h */,
				538518B015C40D9000E0CEDF /* Base64Transcoder.h */,
				538518B115C40D9600E0CEDF /* Base64Transcoder.c */,
			);
			name = Helpers;
			path = iPlu/Helpers;
			sourceTree = SOURCE_ROOT;
		};
		538518A515C40D7700E0CEDF /* Views */ = {
			isa = PBXGroup;
			children = (
				538518C015C40E3700E0CEDF /* MainViewController.h */,
				538518C115C40E3B00E0CEDF /* MainViewController.m */,
				538518C315C40E4000E0CEDF /* MainViewController.xib */,
				538518C515C40E4400E0CEDF /* OAuthLoginViewController.h */,
				538518C615C40E4900E0CEDF /* OAuthLoginViewController.m */,
				538518C815C40E4E00E0CEDF /* OAuthLoginViewController.xib */,
				53A24F6615D309FB00FF5B4D /* TimelineCell.h */,
				53A24F6715D309FB00FF5B4D /* TimelineCell.m */,
				53A24F6915D30A1100FF5B4D /* TimelineCell.xib */,
				530F30F915D6A65D00E474A9 /* Popup.h */,
				530F30FA15D6A65D00E474A9 /* Popup.m */,
				530F30F615D6A5F700E474A9 /* HorizontalPopup.xib */,
				53EDA0DE15D71FEA001AA947 /* VerticalMenuPopup.xib */,
				53EDA14B15D84745001AA947 /* PlurkViewController.h */,
				53EDA14C15D84745001AA947 /* PlurkViewController.m */,
				53EDA14D15D84745001AA947 /* PlurkViewController.xib */,
			);
			path = Views;
			sourceTree = "<group>";
		};
		538518D515C4787700E0CEDF /* JSON */ = {
			isa = PBXGroup;
			children = (
				538518D615C4787700E0CEDF /* NSObject+SBJson.h */,
				538518D715C4787700E0CEDF /* NSObject+SBJson.m */,
				538518D815C4787700E0CEDF /* SBJson.h */,
				538518D915C4787700E0CEDF /* SBJsonParser.h */,
				538518DA15C4787700E0CEDF /* SBJsonParser.m */,
				538518DB15C4787700E0CEDF /* SBJsonStreamParser.h */,
				538518DC15C4787700E0CEDF /* SBJsonStreamParser.m */,
				538518DD15C4787700E0CEDF /* SBJsonStreamParserAccumulator.h */,
				538518DE15C4787700E0CEDF /* SBJsonStreamParserAccumulator.m */,
				538518DF15C4787700E0CEDF /* SBJsonStreamParserAdapter.h */,
				538518E015C4787700E0CEDF /* SBJsonStreamParserAdapter.m */,
				538518E115C4787700E0CEDF /* SBJsonStreamParserState.h */,
				538518E215C4787700E0CEDF /* SBJsonStreamParserState.m */,
				538518E315C4787700E0CEDF /* SBJsonStreamWriter.h */,
				538518E415C4787700E0CEDF /* SBJsonStreamWriter.m */,
				538518E515C4787700E0CEDF /* SBJsonStreamWriterAccumulator.h */,
				538518E615C4787700E0CEDF /* SBJsonStreamWriterAccumulator.m */,
				538518E715C4787700E0CEDF /* SBJsonStreamWriterState.h */,
				538518E815C4787700E0CEDF /* SBJsonStreamWriterState.m */,
				538518E915C4787700E0CEDF /* SBJsonTokeniser.h */,
				538518EA15C4787700E0CEDF /* SBJsonTokeniser.m */,
				538518EB15C4787700E0CEDF /* SBJsonUTF8Stream.h */,
				538518EC15C4787700E0CEDF /* SBJsonUTF8Stream.m */,
				538518ED15C4787700E0CEDF /* SBJsonWriter.h */,
				538518EE15C4787700E0CEDF /* SBJsonWriter.m */,
			);
			path = JSON;
			sourceTree = "<group>";
		};
		53A24F6F15D311CF00FF5B4D /* Resources */ = {
			isa = PBXGroup;
			children = (
				53EDA0BC15D6D3FE001AA947 /* mute.png */,
				53EDA0BD15D6D3FE001AA947 /* unmute.png */,
				53A24FB415D39DFF00FF5B4D /* ubuntu_font */,
				53A24F8115D33A5500FF5B4D /* like.png */,
				53A24F7015D311D000FF5B4D /* user.png */,
				53EDA0E015D72145001AA947 /* plurk.png */,
				53EDA0EA15D7C20B001AA947 /* default.gif */,
			);
			path = Resources;
			sourceTree = "<group>";
		};
		53A24FB415D39DFF00FF5B4D /* ubuntu_font */ = {
			isa = PBXGroup;
			children = (
				53A24FBC15D39DFF00FF5B4D /* Ubuntu-B.ttf */,
				53A24FBD15D39DFF00FF5B4D /* Ubuntu-BI.ttf */,
				53A24FBE15D39DFF00FF5B4D /* Ubuntu-C.ttf */,
				53A24FBF15D39DFF00FF5B4D /* Ubuntu-L.ttf */,
				53A24FC015D39DFF00FF5B4D /* Ubuntu-LI.ttf */,
				53A24FC115D39DFF00FF5B4D /* Ubuntu-M.ttf */,
				53A24FC215D39DFF00FF5B4D /* Ubuntu-MI.ttf */,
				53A24FC315D39DFF00FF5B4D /* Ubuntu-R.ttf */,
				53A24FC415D39DFF00FF5B4D /* Ubuntu-RI.ttf */,
				53A24FC515D39DFF00FF5B4D /* UbuntuMono-B.ttf */,
				53A24FC615D39DFF00FF5B4D /* UbuntuMono-BI.ttf */,
				53A24FC715D39DFF00FF5B4D /* UbuntuMono-R.ttf */,
				53A24FC815D39DFF00FF5B4D /* UbuntuMono-RI.ttf */,
			);
			path = ubuntu_font;
			sourceTree = "<group>";
		};
		53EDA11B15D81A4E001AA947 /* Products */ = {
			isa = PBXGroup;
			children = (
				53EDA12415D81A4F001AA947 /* libSDWebImage.a */,
				53EDA12615D81A4F001AA947 /* libSDWebImageARC.a */,
				53EDA12815D81A4F001AA947 /* libSDWebImageARC+MKAnnotation.a */,
			);
			name = Products;
			sourceTree = "<group>";
		};
		53EDA15415D8513A001AA947 /* AGMedallionView */ = {
			isa = PBXGroup;
			children = (
				53EDA15515D8513A001AA947 /* AGMedallionView.h */,
				53EDA15615D8513A001AA947 /* AGMedallionView.m */,
				53EDA15715D8513A001AA947 /* sample.png */,
			);
			path = AGMedallionView;
			sourceTree = "<group>";
		};
		53EDA15E15D8581E001AA947 /* ODRefreshControl */ = {
			isa = PBXGroup;
			children = (
				53EDA15F15D8581F001AA947 /* ODRefreshControl.h */,
				53EDA16015D8581F001AA947 /* ODRefreshControl.m */,
			);
			path = ODRefreshControl;
			sourceTree = "<group>";
		};
/* End PBXGroup section */

/* Begin PBXNativeTarget section */
		5385187115C40CBA00E0CEDF /* iPlu */ = {
			isa = PBXNativeTarget;
			buildConfigurationList = 5385188A15C40CBA00E0CEDF /* Build configuration list for PBXNativeTarget "iPlu" */;
			buildPhases = (
				5385186E15C40CBA00E0CEDF /* Sources */,
				5385186F15C40CBA00E0CEDF /* Frameworks */,
				5385187015C40CBA00E0CEDF /* Resources */,
			);
			buildRules = (
			);
			dependencies = (
				53EDA12A15D81AA1001AA947 /* PBXTargetDependency */,
			);
			name = iPlu;
			productName = iPlu;
			productReference = 5385187215C40CBA00E0CEDF /* iPlu.app */;
			productType = "com.apple.product-type.application";
		};
/* End PBXNativeTarget section */

/* Begin PBXProject section */
		5385186915C40CBA00E0CEDF /* Project object */ = {
			isa = PBXProject;
			attributes = {
				LastUpgradeCheck = 0450;
				ORGANIZATIONNAME = "Semen Belokovsky";
			};
			buildConfigurationList = 5385186C15C40CBA00E0CEDF /* Build configuration list for PBXProject "iPlu" */;
			compatibilityVersion = "Xcode 3.2";
			developmentRegion = English;
			hasScannedForEncodings = 0;
			knownRegions = (
				en,
			);
			mainGroup = 5385186715C40CBA00E0CEDF;
			productRefGroup = 5385187315C40CBA00E0CEDF /* Products */;
			projectDirPath = "";
			projectReferences = (
				{
					ProductGroup = 53EDA11B15D81A4E001AA947 /* Products */;
					ProjectRef = 53EDA11A15D81A4E001AA947 /* SDWebImage.xcodeproj */;
				},
			);
			projectRoot = "";
			targets = (
				5385187115C40CBA00E0CEDF /* iPlu */,
			);
		};
/* End PBXProject section */

/* Begin PBXReferenceProxy section */
		53EDA12415D81A4F001AA947 /* libSDWebImage.a */ = {
			isa = PBXReferenceProxy;
			fileType = archive.ar;
			path = libSDWebImage.a;
			remoteRef = 53EDA12315D81A4F001AA947 /* PBXContainerItemProxy */;
			sourceTree = BUILT_PRODUCTS_DIR;
		};
		53EDA12615D81A4F001AA947 /* libSDWebImageARC.a */ = {
			isa = PBXReferenceProxy;
			fileType = archive.ar;
			path = libSDWebImageARC.a;
			remoteRef = 53EDA12515D81A4F001AA947 /* PBXContainerItemProxy */;
			sourceTree = BUILT_PRODUCTS_DIR;
		};
		53EDA12815D81A4F001AA947 /* libSDWebImageARC+MKAnnotation.a */ = {
			isa = PBXReferenceProxy;
			fileType = archive.ar;
			path = "libSDWebImageARC+MKAnnotation.a";
			remoteRef = 53EDA12715D81A4F001AA947 /* PBXContainerItemProxy */;
			sourceTree = BUILT_PRODUCTS_DIR;
		};
/* End PBXReferenceProxy section */

/* Begin PBXResourcesBuildPhase section */
		5385187015C40CBA00E0CEDF /* Resources */ = {
			isa = PBXResourcesBuildPhase;
			buildActionMask = 2147483647;
			files = (
				5385188115C40CBA00E0CEDF /* InfoPlist.strings in Resources */,
				538518C415C40E4000E0CEDF /* MainViewController.xib in Resources */,
				538518C915C40E4E00E0CEDF /* OAuthLoginViewController.xib in Resources */,
				53A24F6A15D30A1100FF5B4D /* TimelineCell.xib in Resources */,
				53A24F7115D311D000FF5B4D /* user.png in Resources */,
				53A24F8215D33A5500FF5B4D /* like.png in Resources */,
				53A24FD015D39DFF00FF5B4D /* Ubuntu-B.ttf in Resources */,
				53A24FD115D39DFF00FF5B4D /* Ubuntu-BI.ttf in Resources */,
				53A24FD215D39DFF00FF5B4D /* Ubuntu-C.ttf in Resources */,
				53A24FD315D39DFF00FF5B4D /* Ubuntu-L.ttf in Resources */,
				53A24FD415D39DFF00FF5B4D /* Ubuntu-LI.ttf in Resources */,
				53A24FD515D39DFF00FF5B4D /* Ubuntu-M.ttf in Resources */,
				53A24FD615D39DFF00FF5B4D /* Ubuntu-MI.ttf in Resources */,
				53A24FD715D39DFF00FF5B4D /* Ubuntu-R.ttf in Resources */,
				53A24FD815D39DFF00FF5B4D /* Ubuntu-RI.ttf in Resources */,
				53A24FD915D39DFF00FF5B4D /* UbuntuMono-B.ttf in Resources */,
				53A24FDA15D39DFF00FF5B4D /* UbuntuMono-BI.ttf in Resources */,
				53A24FDB15D39DFF00FF5B4D /* UbuntuMono-R.ttf in Resources */,
				53A24FDC15D39DFF00FF5B4D /* UbuntuMono-RI.ttf in Resources */,
				530F30F715D6A5F700E474A9 /* HorizontalPopup.xib in Resources */,
				53EDA0BE15D6D3FE001AA947 /* mute.png in Resources */,
				53EDA0BF15D6D3FE001AA947 /* unmute.png in Resources */,
				53EDA0DF15D71FEA001AA947 /* VerticalMenuPopup.xib in Resources */,
				53EDA0E115D72145001AA947 /* plurk.png in Resources */,
				53EDA0EB15D7C20B001AA947 /* default.gif in Resources */,
				53EDA14F15D84746001AA947 /* PlurkViewController.xib in Resources */,
				53EDA15915D8513A001AA947 /* sample.png in Resources */,
				530998C415D9A28000618000 /* MNMBottomPullToRefresh.strings in Resources */,
				530998C515D9A28000618000 /* MNMBottomPullToRefreshArrow.png in Resources */,
				530998C615D9A28000618000 /* MNMBottomPullToRefreshArrow@2x.png in Resources */,
			);
			runOnlyForDeploymentPostprocessing = 0;
		};
/* End PBXResourcesBuildPhase section */

/* Begin PBXSourcesBuildPhase section */
		5385186E15C40CBA00E0CEDF /* Sources */ = {
			isa = PBXSourcesBuildPhase;
			buildActionMask = 2147483647;
			files = (
				5385188315C40CBA00E0CEDF /* main.m in Sources */,
				538518B215C40D9600E0CEDF /* Base64Transcoder.c in Sources */,
				538518B615C40E0200E0CEDF /* OAHMAC_SHA1SignatureProvider.m in Sources */,
				538518B915C40E1800E0CEDF /* AppSettingsHelper.m in Sources */,
				538518BC15C40E2300E0CEDF /* OAuthProvider.m in Sources */,
				538518BF15C40E2D00E0CEDF /* PlurkConnector.m in Sources */,
				538518C215C40E3B00E0CEDF /* MainViewController.m in Sources */,
				538518C715C40E4900E0CEDF /* OAuthLoginViewController.m in Sources */,
				538518CC15C40E5F00E0CEDF /* AppDelegate.m in Sources */,
				538518EF15C4787700E0CEDF /* NSObject+SBJson.m in Sources */,
				538518F015C4787700E0CEDF /* SBJsonParser.m in Sources */,
				538518F115C4787700E0CEDF /* SBJsonStreamParser.m in Sources */,
				538518F215C4787700E0CEDF /* SBJsonStreamParserAccumulator.m in Sources */,
				538518F315C4787700E0CEDF /* SBJsonStreamParserAdapter.m in Sources */,
				538518F415C4787700E0CEDF /* SBJsonStreamParserState.m in Sources */,
				538518F515C4787700E0CEDF /* SBJsonStreamWriter.m in Sources */,
				538518F615C4787700E0CEDF /* SBJsonStreamWriterAccumulator.m in Sources */,
				538518F715C4787700E0CEDF /* SBJsonStreamWriterState.m in Sources */,
				538518F815C4787700E0CEDF /* SBJsonTokeniser.m in Sources */,
				538518F915C4787700E0CEDF /* SBJsonUTF8Stream.m in Sources */,
				538518FA15C4787700E0CEDF /* SBJsonWriter.m in Sources */,
				53616C7D15C7DD14002DB5C3 /* MBProgressHUD.m in Sources */,
				53FD1A8A15CB157E00F9C9CF /* PlurkData.m in Sources */,
				53FD1A8E15CB15D800F9C9CF /* UserData.m in Sources */,
				53A24F6815D309FC00FF5B4D /* TimelineCell.m in Sources */,
				53A24F7615D31D7100FF5B4D /* ColorsProvider.m in Sources */,
				530F30FB15D6A65D00E474A9 /* Popup.m in Sources */,
				53EDA0C215D6DF4D001AA947 /* CacheProvider.m in Sources */,
				53EDA14E15D84746001AA947 /* PlurkViewController.m in Sources */,
				53EDA15815D8513A001AA947 /* AGMedallionView.m in Sources */,
				53EDA16115D8581F001AA947 /* ODRefreshControl.m in Sources */,
				530998C715D9A28000618000 /* MNMBottomPullToRefreshManager.m in Sources */,
				530998C815D9A28000618000 /* MNMBottomPullToRefreshView.m in Sources */,
			);
			runOnlyForDeploymentPostprocessing = 0;
		};
/* End PBXSourcesBuildPhase section */

/* Begin PBXTargetDependency section */
		53EDA12A15D81AA1001AA947 /* PBXTargetDependency */ = {
			isa = PBXTargetDependency;
			name = SDWebImage;
			targetProxy = 53EDA12915D81AA1001AA947 /* PBXContainerItemProxy */;
		};
/* End PBXTargetDependency section */

/* Begin PBXVariantGroup section */
		5385187F15C40CBA00E0CEDF /* InfoPlist.strings */ = {
			isa = PBXVariantGroup;
			children = (
				5385188015C40CBA00E0CEDF /* en */,
			);
			name = InfoPlist.strings;
			sourceTree = "<group>";
		};
/* End PBXVariantGroup section */

/* Begin XCBuildConfiguration section */
		5385188815C40CBA00E0CEDF /* Debug */ = {
			isa = XCBuildConfiguration;
			buildSettings = {
				ALWAYS_SEARCH_USER_PATHS = NO;
				CLANG_CXX_LANGUAGE_STANDARD = "gnu++0x";
				CLANG_CXX_LIBRARY = "libc++";
				CLANG_WARN__DUPLICATE_METHOD_MATCH = YES;
				"CODE_SIGN_IDENTITY[sdk=iphoneos*]" = "iPhone Developer";
				COPY_PHASE_STRIP = NO;
				GCC_C_LANGUAGE_STANDARD = gnu99;
				GCC_DYNAMIC_NO_PIC = NO;
				GCC_OPTIMIZATION_LEVEL = 0;
				GCC_PREPROCESSOR_DEFINITIONS = (
					"DEBUG=1",
					"$(inherited)",
				);
				GCC_SYMBOLS_PRIVATE_EXTERN = NO;
				GCC_WARN_ABOUT_RETURN_TYPE = YES;
				GCC_WARN_UNINITIALIZED_AUTOS = YES;
				GCC_WARN_UNUSED_VARIABLE = YES;
				IPHONEOS_DEPLOYMENT_TARGET = 5.1;
				SDKROOT = iphoneos;
			};
			name = Debug;
		};
		5385188915C40CBA00E0CEDF /* Release */ = {
			isa = XCBuildConfiguration;
			buildSettings = {
				ALWAYS_SEARCH_USER_PATHS = NO;
				CLANG_CXX_LANGUAGE_STANDARD = "gnu++0x";
				CLANG_CXX_LIBRARY = "libc++";
				CLANG_WARN__DUPLICATE_METHOD_MATCH = YES;
				"CODE_SIGN_IDENTITY[sdk=iphoneos*]" = "iPhone Developer";
				COPY_PHASE_STRIP = YES;
				GCC_C_LANGUAGE_STANDARD = gnu99;
				GCC_WARN_ABOUT_RETURN_TYPE = YES;
				GCC_WARN_UNINITIALIZED_AUTOS = YES;
				GCC_WARN_UNUSED_VARIABLE = YES;
				IPHONEOS_DEPLOYMENT_TARGET = 5.1;
				OTHER_CFLAGS = "-DNS_BLOCK_ASSERTIONS=1";
				SDKROOT = iphoneos;
				VALIDATE_PRODUCT = YES;
			};
			name = Release;
		};
		5385188B15C40CBA00E0CEDF /* Debug */ = {
			isa = XCBuildConfiguration;
			buildSettings = {
				CODE_SIGN_IDENTITY = "iPhone Developer";
				GCC_PRECOMPILE_PREFIX_HEADER = YES;
				GCC_PREFIX_HEADER = "iPlu/iPlu-Prefix.pch";
				HEADER_SEARCH_PATHS = (
					"$(OBJROOT)/UninstalledProducts/include",
					"$(TARGET_BUILD_DIR)/usr/local/lib/include",
				);
				INFOPLIST_FILE = "iPlu/iPlu-Info.plist";
				IPHONEOS_DEPLOYMENT_TARGET = 5.1;
				OTHER_LDFLAGS = "-ObjC";
				PRODUCT_NAME = "$(TARGET_NAME)";
				PROVISIONING_PROFILE = "";
				WRAPPER_EXTENSION = app;
			};
			name = Debug;
		};
		5385188C15C40CBA00E0CEDF /* Release */ = {
			isa = XCBuildConfiguration;
			buildSettings = {
				CODE_SIGN_IDENTITY = "iPhone Developer";
				GCC_PRECOMPILE_PREFIX_HEADER = YES;
				GCC_PREFIX_HEADER = "iPlu/iPlu-Prefix.pch";
				HEADER_SEARCH_PATHS = (
					"$(OBJROOT)/UninstalledProducts/include",
					"$(TARGET_BUILD_DIR)/usr/local/lib/include",
				);
				INFOPLIST_FILE = "iPlu/iPlu-Info.plist";
				IPHONEOS_DEPLOYMENT_TARGET = 5.1;
				OTHER_LDFLAGS = "-ObjC";
				PRODUCT_NAME = "$(TARGET_NAME)";
				PROVISIONING_PROFILE = "";
				WRAPPER_EXTENSION = app;
			};
			name = Release;
		};
/* End XCBuildConfiguration section */

/* Begin XCConfigurationList section */
		5385186C15C40CBA00E0CEDF /* Build configuration list for PBXProject "iPlu" */ = {
			isa = XCConfigurationList;
			buildConfigurations = (
				5385188815C40CBA00E0CEDF /* Debug */,
				5385188915C40CBA00E0CEDF /* Release */,
			);
			defaultConfigurationIsVisible = 0;
			defaultConfigurationName = Release;
		};
		5385188A15C40CBA00E0CEDF /* Build configuration list for PBXNativeTarget "iPlu" */ = {
			isa = XCConfigurationList;
			buildConfigurations = (
				5385188B15C40CBA00E0CEDF /* Debug */,
				5385188C15C40CBA00E0CEDF /* Release */,
			);
			defaultConfigurationIsVisible = 0;
			defaultConfigurationName = Release;
		};
/* End XCConfigurationList section */
	};
	rootObject = 5385186915C40CBA00E0CEDF /* Project object */;
}
